
Microsoft Visual Studio Solution File, Format Version 12.00
# Visual Studio Version 16
VisualStudioVersion = 16.0.31321.278
MinimumVisualStudioVersion = 10.0.40219.1
Project("{FAE04EC0-301F-11D3-BF4B-00C04F79EFBC}") = "WpfApp3", "WpfApp3\WpfApp3.csproj", "{AE769D4D-2191-420D-AC08-67EE1F7BE54B}"
EndProject
Global
	GlobalSection(SolutionConfigurationPlatforms) = preSolution
		Debug|Any CPU = Debug|Any CPU
		Release|Any CPU = Release|Any CPU
	EndGlobalSection
	GlobalSection(ProjectConfigurationPlatforms) = postSolution
		{AE769D4D-2191-420D-AC08-67EE1F7BE54B}.Debug|Any CPU.ActiveCfg = Debug|Any CPU
		{AE769D4D-2191-420D-AC08-67EE1F7BE54B}.Debug|Any CPU.Build.0 = Debug|Any CPU
		{AE769D4D-2191-420D-AC08-67EE1F7BE54B}.Release|Any CPU.ActiveCfg = Release|Any CPU
		{AE769D4D-2191-420D-AC08-67EE1F7BE54B}.Release|Any CPU.Build.0 = Release|Any CPU
	EndGlobalSection
	GlobalSection(SolutionProperties) = preSolution
		HideSolutionNode = FALSE
	EndGlobalSection
	GlobalSection(ExtensibilityGlobals) = postSolution
		SolutionGuid = {2972AF34-C7D6-419F-B75C-E50AF3019909}
	EndGlobalSection
EndGlobal
